// !$*UTF8*$!
{
	archiveVersion = 1;
	classes = {
	};
	objectVersion = 56;
	objects = {

/* Begin PBXBuildFile section */
		CE8A7B802D848221002FF5DA /* AppDelegate.swift in Sources */ = {isa = PBXBuildFile; fileRef = CE8A7B7F2D848221002FF5DA /* AppDelegate.swift */; };
		CE8A7B822D848221002FF5DA /* SceneDelegate.swift in Sources */ = {isa = PBXBuildFile; fileRef = CE8A7B812D848221002FF5DA /* SceneDelegate.swift */; };
		CE8A7B842D848221002FF5DA /* ViewController.swift in Sources */ = {isa = PBXBuildFile; fileRef = CE8A7B832D848221002FF5DA /* ViewController.swift */; };
		CE8A7B872D848221002FF5DA /* Main.storyboard in Resources */ = {isa = PBXBuildFile; fileRef = CE8A7B852D848221002FF5DA /* Main.storyboard */; };
		CE8A7B892D848224002FF5DA /* Assets.xcassets in Resources */ = {isa = PBXBuildFile; fileRef = CE8A7B882D848224002FF5DA /* Assets.xcassets */; };
		CE8A7B8C2D848224002FF5DA /* LaunchScreen.storyboard in Resources */ = {isa = PBXBuildFile; fileRef = CE8A7B8A2D848224002FF5DA /* LaunchScreen.storyboard */; };
		CE8A7B942D84826C002FF5DA /* CollectionTableViewCell+Exc.swift in Sources */ = {isa = PBXBuildFile; fileRef = CE8A7B932D84826C002FF5DA /* CollectionTableViewCell+Exc.swift */; };
		CE8A7B9B2D8483B8002FF5DA /* PackageTableViewCell.swift in Sources */ = {isa = PBXBuildFile; fileRef = CE8A7B992D8483B8002FF5DA /* PackageTableViewCell.swift */; };
		CE8A7B9C2D8483B8002FF5DA /* PackageTableViewCell.xib in Resources */ = {isa = PBXBuildFile; fileRef = CE8A7B9A2D8483B8002FF5DA /* PackageTableViewCell.xib */; };
		CE8A7BAA2D84A1C4002FF5DA /* EconomViewController.swift in Sources */ = {isa = PBXBuildFile; fileRef = CE8A7BA92D84A1C4002FF5DA /* EconomViewController.swift */; };
		CE8A7BB82D885449002FF5DA /* EconomTableViewCell.swift in Sources */ = {isa = PBXBuildFile; fileRef = CE8A7BB62D885449002FF5DA /* EconomTableViewCell.swift */; };
		CE8A7BB92D885449002FF5DA /* EconomTableViewCell.xib in Resources */ = {isa = PBXBuildFile; fileRef = CE8A7BB72D885449002FF5DA /* EconomTableViewCell.xib */; };
		CE8A7BC12D88804D002FF5DA /* Model.swift in Sources */ = {isa = PBXBuildFile; fileRef = CE8A7BC02D88804D002FF5DA /* Model.swift */; };
		CE8A7BC22D88955A002FF5DA /* datalar.json in Resources */ = {isa = PBXBuildFile; fileRef = CE8A7BBF2D885B97002FF5DA /* datalar.json */; };
		CE8A7BC42D88A1AD002FF5DA /* PackagesViewController.swift in Sources */ = {isa = PBXBuildFile; fileRef = CE8A7BC32D88A1AD002FF5DA /* PackagesViewController.swift */; };
		CE8A7BC72D88A354002FF5DA /* MyPackagesCell.swift in Sources */ = {isa = PBXBuildFile; fileRef = CE8A7BC52D88A353002FF5DA /* MyPackagesCell.swift */; };
		CE8A7BC82D88A354002FF5DA /* MyPackagesCell.xib in Resources */ = {isa = PBXBuildFile; fileRef = CE8A7BC62D88A353002FF5DA /* MyPackagesCell.xib */; };
/* End PBXBuildFile section */

/* Begin PBXFileReference section */
		CE8A7B7C2D848221002FF5DA /* 14.03.practice.app */ = {isa = PBXFileReference; explicitFileType = wrapper.application; includeInIndex = 0; path = 14.03.practice.app; sourceTree = BUILT_PRODUCTS_DIR; };
		CE8A7B7F2D848221002FF5DA /* AppDelegate.swift */ = {isa = PBXFileReference; lastKnownFileType = sourcecode.swift; path = AppDelegate.swift; sourceTree = "<group>"; };
		CE8A7B812D848221002FF5DA /* SceneDelegate.swift */ = {isa = PBXFileReference; lastKnownFileType = sourcecode.swift; path = SceneDelegate.swift; sourceTree = "<group>"; };
		CE8A7B832D848221002FF5DA /* ViewController.swift */ = {isa = PBXFileReference; lastKnownFileType = sourcecode.swift; path = ViewController.swift; sourceTree = "<group>"; };
		CE8A7B862D848221002FF5DA /* Base */ = {isa = PBXFileReference; lastKnownFileType = file.storyboard; name = Base; path = Base.lproj/Main.storyboard; sourceTree = "<group>"; };
		CE8A7B882D848224002FF5DA /* Assets.xcassets */ = {isa = PBXFileReference; lastKnownFileType = folder.assetcatalog; path = Assets.xcassets; sourceTree = "<group>"; };
		CE8A7B8B2D848224002FF5DA /* Base */ = {isa = PBXFileReference; lastKnownFileType = file.storyboard; name = Base; path = Base.lproj/LaunchScreen.storyboard; sourceTree = "<group>"; };
		CE8A7B8D2D848224002FF5DA /* Info.plist */ = {isa = PBXFileReference; lastKnownFileType = text.plist.xml; path = Info.plist; sourceTree = "<group>"; };
		CE8A7B932D84826C002FF5DA /* CollectionTableViewCell+Exc.swift */ = {isa = PBXFileReference; lastKnownFileType = sourcecode.swift; path = "CollectionTableViewCell+Exc.swift"; sourceTree = "<group>"; };
		CE8A7B992D8483B8002FF5DA /* PackageTableViewCell.swift */ = {isa = PBXFileReference; lastKnownFileType = sourcecode.swift; path = PackageTableViewCell.swift; sourceTree = "<group>"; };
		CE8A7B9A2D8483B8002FF5DA /* PackageTableViewCell.xib */ = {isa = PBXFileReference; lastKnownFileType = file.xib; path = PackageTableViewCell.xib; sourceTree = "<group>"; };
		CE8A7BA92D84A1C4002FF5DA /* EconomViewController.swift */ = {isa = PBXFileReference; lastKnownFileType = sourcecode.swift; name = EconomViewController.swift; path = ../EconomViewController.swift; sourceTree = "<group>"; };
		CE8A7BB62D885449002FF5DA /* EconomTableViewCell.swift */ = {isa = PBXFileReference; lastKnownFileType = sourcecode.swift; path = EconomTableViewCell.swift; sourceTree = "<group>"; };
		CE8A7BB72D885449002FF5DA /* EconomTableViewCell.xib */ = {isa = PBXFileReference; lastKnownFileType = file.xib; path = EconomTableViewCell.xib; sourceTree = "<group>"; };
		CE8A7BBF2D885B97002FF5DA /* datalar.json */ = {isa = PBXFileReference; lastKnownFileType = text.json; path = datalar.json; sourceTree = "<group>"; };
		CE8A7BC02D88804D002FF5DA /* Model.swift */ = {isa = PBXFileReference; lastKnownFileType = sourcecode.swift; path = Model.swift; sourceTree = "<group>"; };
		CE8A7BC32D88A1AD002FF5DA /* PackagesViewController.swift */ = {isa = PBXFileReference; lastKnownFileType = sourcecode.swift; path = PackagesViewController.swift; sourceTree = "<group>"; };
		CE8A7BC52D88A353002FF5DA /* MyPackagesCell.swift */ = {isa = PBXFileReference; lastKnownFileType = sourcecode.swift; path = MyPackagesCell.swift; sourceTree = "<group>"; };
		CE8A7BC62D88A353002FF5DA /* MyPackagesCell.xib */ = {isa = PBXFileReference; lastKnownFileType = file.xib; path = MyPackagesCell.xib; sourceTree = "<group>"; };
/* End PBXFileReference section */

/* Begin PBXFrameworksBuildPhase section */
		CE8A7B792D848221002FF5DA /* Frameworks */ = {
			isa = PBXFrameworksBuildPhase;
			buildActionMask = 2147483647;
			files = (
			);
			runOnlyForDeploymentPostprocessing = 0;
		};
/* End PBXFrameworksBuildPhase section */

/* Begin PBXGroup section */
		CE8A7B732D848221002FF5DA = {
			isa = PBXGroup;
			children = (
				CE8A7B7E2D848221002FF5DA /* 14.03.practice */,
				CE8A7B7D2D848221002FF5DA /* Products */,
			);
			sourceTree = "<group>";
		};
		CE8A7B7D2D848221002FF5DA /* Products */ = {
			isa = PBXGroup;
			children = (
				CE8A7B7C2D848221002FF5DA /* 14.03.practice.app */,
			);
			name = Products;
			sourceTree = "<group>";
		};
		CE8A7B7E2D848221002FF5DA /* 14.03.practice */ = {
			isa = PBXGroup;
			children = (
				CE8A7BC92D88B617002FF5DA /* myPackages */,
				CE8A7BA82D849B65002FF5DA /* packages */,
				CE8A7BA72D849AAD002FF5DA /* Json */,
				CE8A7BA22D84974D002FF5DA /* App */,
				CE8A7B9D2D8496FA002FF5DA /* Ekonom */,
				CE8A7B962D848336002FF5DA /* package */,
				CE8A7B952D848318002FF5DA /* Ext */,
				CE8A7B832D848221002FF5DA /* ViewController.swift */,
				CE8A7B852D848221002FF5DA /* Main.storyboard */,
				CE8A7B882D848224002FF5DA /* Assets.xcassets */,
				CE8A7B8A2D848224002FF5DA /* LaunchScreen.storyboard */,
				CE8A7B8D2D848224002FF5DA /* Info.plist */,
			);
			path = 14.03.practice;
			sourceTree = "<group>";
		};
		CE8A7B952D848318002FF5DA /* Ext */ = {
			isa = PBXGroup;
			children = (
				CE8A7B932D84826C002FF5DA /* CollectionTableViewCell+Exc.swift */,
			);
			path = Ext;
			sourceTree = "<group>";
		};
		CE8A7B962D848336002FF5DA /* package */ = {
			isa = PBXGroup;
			children = (
				CE8A7B992D8483B8002FF5DA /* PackageTableViewCell.swift */,
				CE8A7B9A2D8483B8002FF5DA /* PackageTableViewCell.xib */,
			);
			path = package;
			sourceTree = "<group>";
		};
		CE8A7B9D2D8496FA002FF5DA /* Ekonom */ = {
			isa = PBXGroup;
			children = (
				CE8A7BB62D885449002FF5DA /* EconomTableViewCell.swift */,
				CE8A7BB72D885449002FF5DA /* EconomTableViewCell.xib */,
				CE8A7BA92D84A1C4002FF5DA /* EconomViewController.swift */,
			);
			path = Ekonom;
			sourceTree = "<group>";
		};
		CE8A7BA22D84974D002FF5DA /* App */ = {
			isa = PBXGroup;
			children = (
				CE8A7B7F2D848221002FF5DA /* AppDelegate.swift */,
				CE8A7B812D848221002FF5DA /* SceneDelegate.swift */,
			);
			path = App;
			sourceTree = "<group>";
		};
		CE8A7BA72D849AAD002FF5DA /* Json */ = {
			isa = PBXGroup;
			children = (
				CE8A7BBF2D885B97002FF5DA /* datalar.json */,
				CE8A7BC02D88804D002FF5DA /* Model.swift */,
			);
			path = Json;
			sourceTree = "<group>";
		};
		CE8A7BA82D849B65002FF5DA /* packages */ = {
			isa = PBXGroup;
			children = (
			);
			path = packages;
			sourceTree = "<group>";
		};
		CE8A7BC92D88B617002FF5DA /* myPackages */ = {
			isa = PBXGroup;
			children = (
				CE8A7BC32D88A1AD002FF5DA /* PackagesViewController.swift */,
				CE8A7BC52D88A353002FF5DA /* MyPackagesCell.swift */,
				CE8A7BC62D88A353002FF5DA /* MyPackagesCell.xib */,
			);
			path = myPackages;
			sourceTree = "<group>";
		};
/* End PBXGroup section */

/* Begin PBXNativeTarget section */
		CE8A7B7B2D848221002FF5DA /* 14.03.practice */ = {
			isa = PBXNativeTarget;
			buildConfigurationList = CE8A7B902D848224002FF5DA /* Build configuration list for PBXNativeTarget "14.03.practice" */;
			buildPhases = (
				CE8A7B782D848221002FF5DA /* Sources */,
				CE8A7B792D848221002FF5DA /* Frameworks */,
				CE8A7B7A2D848221002FF5DA /* Resources */,
			);
			buildRules = (
			);
			dependencies = (
			);
			name = 14.03.practice;
			productName = 14.03.practice;
			productReference = CE8A7B7C2D848221002FF5DA /* 14.03.practice.app */;
			productType = "com.apple.product-type.application";
		};
/* End PBXNativeTarget section */

/* Begin PBXProject section */
		CE8A7B742D848221002FF5DA /* Project object */ = {
			isa = PBXProject;
			attributes = {
				BuildIndependentTargetsInParallel = 1;
				LastSwiftUpdateCheck = 1520;
				LastUpgradeCheck = 1520;
				TargetAttributes = {
					CE8A7B7B2D848221002FF5DA = {
						CreatedOnToolsVersion = 15.2;
					};
				};
			};
			buildConfigurationList = CE8A7B772D848221002FF5DA /* Build configuration list for PBXProject "14.03.practice" */;
			compatibilityVersion = "Xcode 14.0";
			developmentRegion = en;
			hasScannedForEncodings = 0;
			knownRegions = (
				en,
				Base,
			);
			mainGroup = CE8A7B732D848221002FF5DA;
			productRefGroup = CE8A7B7D2D848221002FF5DA /* Products */;
			projectDirPath = "";
			projectRoot = "";
			targets = (
				CE8A7B7B2D848221002FF5DA /* 14.03.practice */,
			);
		};
/* End PBXProject section */

/* Begin PBXResourcesBuildPhase section */
		CE8A7B7A2D848221002FF5DA /* Resources */ = {
			isa = PBXResourcesBuildPhase;
			buildActionMask = 2147483647;
			files = (
				CE8A7B9C2D8483B8002FF5DA /* PackageTableViewCell.xib in Resources */,
				CE8A7BB92D885449002FF5DA /* EconomTableViewCell.xib in Resources */,
				CE8A7B8C2D848224002FF5DA /* LaunchScreen.storyboard in Resources */,
				CE8A7B892D848224002FF5DA /* Assets.xcassets in Resources */,
				CE8A7B872D848221002FF5DA /* Main.storyboard in Resources */,
				CE8A7BC82D88A354002FF5DA /* MyPackagesCell.xib in Resources */,
				CE8A7BC22D88955A002FF5DA /* datalar.json in Resources */,
			);
			runOnlyForDeploymentPostprocessing = 0;
		};
/* End PBXResourcesBuildPhase section */

/* Begin PBXSourcesBuildPhase section */
		CE8A7B782D848221002FF5DA /* Sources */ = {
			isa = PBXSourcesBuildPhase;
			buildActionMask = 2147483647;
			files = (
				CE8A7B842D848221002FF5DA /* ViewController.swift in Sources */,
				CE8A7BC42D88A1AD002FF5DA /* PackagesViewController.swift in Sources */,
				CE8A7BC72D88A354002FF5DA /* MyPackagesCell.swift in Sources */,
				CE8A7BB82D885449002FF5DA /* EconomTableViewCell.swift in Sources */,
				CE8A7B802D848221002FF5DA /* AppDelegate.swift in Sources */,
				CE8A7BAA2D84A1C4002FF5DA /* EconomViewController.swift in Sources */,
				CE8A7B942D84826C002FF5DA /* CollectionTableViewCell+Exc.swift in Sources */,
				CE8A7B822D848221002FF5DA /* SceneDelegate.swift in Sources */,
				CE8A7B9B2D8483B8002FF5DA /* PackageTableViewCell.swift in Sources */,
				CE8A7BC12D88804D002FF5DA /* Model.swift in Sources */,
			);
			runOnlyForDeploymentPostprocessing = 0;
		};
/* End PBXSourcesBuildPhase section */

/* Begin PBXVariantGroup section */
		CE8A7B852D848221002FF5DA /* Main.storyboard */ = {
			isa = PBXVariantGroup;
			children = (
				CE8A7B862D848221002FF5DA /* Base */,
			);
			name = Main.storyboard;
			sourceTree = "<group>";
		};
		CE8A7B8A2D848224002FF5DA /* LaunchScreen.storyboard */ = {
			isa = PBXVariantGroup;
			children = (
				CE8A7B8B2D848224002FF5DA /* Base */,
			);
			name = LaunchScreen.storyboard;
			sourceTree = "<group>";
		};
/* End PBXVariantGroup section */

/* Begin XCBuildConfiguration section */
		CE8A7B8E2D848224002FF5DA /* Debug */ = {
			isa = XCBuildConfiguration;
			buildSettings = {
				ALWAYS_SEARCH_USER_PATHS = NO;
				ASSETCATALOG_COMPILER_GENERATE_SWIFT_ASSET_SYMBOL_EXTENSIONS = YES;
				CLANG_ANALYZER_NONNULL = YES;
				CLANG_ANALYZER_NUMBER_OBJECT_CONVERSION = YES_AGGRESSIVE;
				CLANG_CXX_LANGUAGE_STANDARD = "gnu++20";
				CLANG_ENABLE_MODULES = YES;
				CLANG_ENABLE_OBJC_ARC = YES;
				CLANG_ENABLE_OBJC_WEAK = YES;
				CLANG_WARN_BLOCK_CAPTURE_AUTORELEASING = YES;
				CLANG_WARN_BOOL_CONVERSION = YES;
				CLANG_WARN_COMMA = YES;
				CLANG_WARN_CONSTANT_CONVERSION = YES;
				CLANG_WARN_DEPRECATED_OBJC_IMPLEMENTATIONS = YES;
				CLANG_WARN_DIRECT_OBJC_ISA_USAGE = YES_ERROR;
				CLANG_WARN_DOCUMENTATION_COMMENTS = YES;
				CLANG_WARN_EMPTY_BODY = YES;
				CLANG_WARN_ENUM_CONVERSION = YES;
				CLANG_WARN_INFINITE_RECURSION = YES;
				CLANG_WARN_INT_CONVERSION = YES;
				CLANG_WARN_NON_LITERAL_NULL_CONVERSION = YES;
				CLANG_WARN_OBJC_IMPLICIT_RETAIN_SELF = YES;
				CLANG_WARN_OBJC_LITERAL_CONVERSION = YES;
				CLANG_WARN_OBJC_ROOT_CLASS = YES_ERROR;
				CLANG_WARN_QUOTED_INCLUDE_IN_FRAMEWORK_HEADER = YES;
				CLANG_WARN_RANGE_LOOP_ANALYSIS = YES;
				CLANG_WARN_STRICT_PROTOTYPES = YES;
				CLANG_WARN_SUSPICIOUS_MOVE = YES;
				CLANG_WARN_UNGUARDED_AVAILABILITY = YES_AGGRESSIVE;
				CLANG_WARN_UNREACHABLE_CODE = YES;
				CLANG_WARN__DUPLICATE_METHOD_MATCH = YES;
				COPY_PHASE_STRIP = NO;
				DEBUG_INFORMATION_FORMAT = dwarf;
				ENABLE_STRICT_OBJC_MSGSEND = YES;
				ENABLE_TESTABILITY = YES;
				ENABLE_USER_SCRIPT_SANDBOXING = YES;
				GCC_C_LANGUAGE_STANDARD = gnu17;
				GCC_DYNAMIC_NO_PIC = NO;
				GCC_NO_COMMON_BLOCKS = YES;
				GCC_OPTIMIZATION_LEVEL = 0;
				GCC_PREPROCESSOR_DEFINITIONS = (
					"DEBUG=1",
					"$(inherited)",
				);
				GCC_WARN_64_TO_32_BIT_CONVERSION = YES;
				GCC_WARN_ABOUT_RETURN_TYPE = YES_ERROR;
				GCC_WARN_UNDECLARED_SELECTOR = YES;
				GCC_WARN_UNINITIALIZED_AUTOS = YES_AGGRESSIVE;
				GCC_WARN_UNUSED_FUNCTION = YES;
				GCC_WARN_UNUSED_VARIABLE = YES;
				IPHONEOS_DEPLOYMENT_TARGET = 17.2;
				LOCALIZATION_PREFERS_STRING_CATALOGS = YES;
				MTL_ENABLE_DEBUG_INFO = INCLUDE_SOURCE;
				MTL_FAST_MATH = YES;
				ONLY_ACTIVE_ARCH = YES;
				SDKROOT = iphoneos;
				SWIFT_ACTIVE_COMPILATION_CONDITIONS = "DEBUG $(inherited)";
				SWIFT_OPTIMIZATION_LEVEL = "-Onone";
			};
			name = Debug;
		};
		CE8A7B8F2D848224002FF5DA /* Release */ = {
			isa = XCBuildConfiguration;
			buildSettings = {
				ALWAYS_SEARCH_USER_PATHS = NO;
				ASSETCATALOG_COMPILER_GENERATE_SWIFT_ASSET_SYMBOL_EXTENSIONS = YES;
				CLANG_ANALYZER_NONNULL = YES;
				CLANG_ANALYZER_NUMBER_OBJECT_CONVERSION = YES_AGGRESSIVE;
				CLANG_CXX_LANGUAGE_STANDARD = "gnu++20";
				CLANG_ENABLE_MODULES = YES;
				CLANG_ENABLE_OBJC_ARC = YES;
				CLANG_ENABLE_OBJC_WEAK = YES;
				CLANG_WARN_BLOCK_CAPTURE_AUTORELEASING = YES;
				CLANG_WARN_BOOL_CONVERSION = YES;
				CLANG_WARN_COMMA = YES;
				CLANG_WARN_CONSTANT_CONVERSION = YES;
				CLANG_WARN_DEPRECATED_OBJC_IMPLEMENTATIONS = YES;
				CLANG_WARN_DIRECT_OBJC_ISA_USAGE = YES_ERROR;
				CLANG_WARN_DOCUMENTATION_COMMENTS = YES;
				CLANG_WARN_EMPTY_BODY = YES;
				CLANG_WARN_ENUM_CONVERSION = YES;
				CLANG_WARN_INFINITE_RECURSION = YES;
				CLANG_WARN_INT_CONVERSION = YES;
				CLANG_WARN_NON_LITERAL_NULL_CONVERSION = YES;
				CLANG_WARN_OBJC_IMPLICIT_RETAIN_SELF = YES;
				CLANG_WARN_OBJC_LITERAL_CONVERSION = YES;
				CLANG_WARN_OBJC_ROOT_CLASS = YES_ERROR;
				CLANG_WARN_QUOTED_INCLUDE_IN_FRAMEWORK_HEADER = YES;
				CLANG_WARN_RANGE_LOOP_ANALYSIS = YES;
				CLANG_WARN_STRICT_PROTOTYPES = YES;
				CLANG_WARN_SUSPICIOUS_MOVE = YES;
				CLANG_WARN_UNGUARDED_AVAILABILITY = YES_AGGRESSIVE;
				CLANG_WARN_UNREACHABLE_CODE = YES;
				CLANG_WARN__DUPLICATE_METHOD_MATCH = YES;
				COPY_PHASE_STRIP = NO;
				DEBUG_INFORMATION_FORMAT = "dwarf-with-dsym";
				ENABLE_NS_ASSERTIONS = NO;
				ENABLE_STRICT_OBJC_MSGSEND = YES;
				ENABLE_USER_SCRIPT_SANDBOXING = YES;
				GCC_C_LANGUAGE_STANDARD = gnu17;
				GCC_NO_COMMON_BLOCKS = YES;
				GCC_WARN_64_TO_32_BIT_CONVERSION = YES;
				GCC_WARN_ABOUT_RETURN_TYPE = YES_ERROR;
				GCC_WARN_UNDECLARED_SELECTOR = YES;
				GCC_WARN_UNINITIALIZED_AUTOS = YES_AGGRESSIVE;
				GCC_WARN_UNUSED_FUNCTION = YES;
				GCC_WARN_UNUSED_VARIABLE = YES;
				IPHONEOS_DEPLOYMENT_TARGET = 17.2;
				LOCALIZATION_PREFERS_STRING_CATALOGS = YES;
				MTL_ENABLE_DEBUG_INFO = NO;
				MTL_FAST_MATH = YES;
				SDKROOT = iphoneos;
				SWIFT_COMPILATION_MODE = wholemodule;
				VALIDATE_PRODUCT = YES;
			};
			name = Release;
		};
		CE8A7B912D848224002FF5DA /* Debug */ = {
			isa = XCBuildConfiguration;
			buildSettings = {
				ASSETCATALOG_COMPILER_APPICON_NAME = AppIcon;
				ASSETCATALOG_COMPILER_GLOBAL_ACCENT_COLOR_NAME = AccentColor;
				CODE_SIGN_STYLE = Automatic;
				CURRENT_PROJECT_VERSION = 1;
				GENERATE_INFOPLIST_FILE = YES;
				INFOPLIST_FILE = 14.03.practice/Info.plist;
				INFOPLIST_KEY_UIApplicationSupportsIndirectInputEvents = YES;
				INFOPLIST_KEY_UILaunchStoryboardName = LaunchScreen;
				INFOPLIST_KEY_UIMainStoryboardFile = Main;
				INFOPLIST_KEY_UISupportedInterfaceOrientations_iPad = "UIInterfaceOrientationPortrait UIInterfaceOrientationPortraitUpsideDown UIInterfaceOrientationLandscapeLeft UIInterfaceOrientationLandscapeRight";
				INFOPLIST_KEY_UISupportedInterfaceOrientations_iPhone = "UIInterfaceOrientationPortrait UIInterfaceOrientationLandscapeLeft UIInterfaceOrientationLandscapeRight";
				LD_RUNPATH_SEARCH_PATHS = (
					"$(inherited)",
					"@executable_path/Frameworks",
				);
				MARKETING_VERSION = 1.0;
				PRODUCT_BUNDLE_IDENTIFIER = "com.gunelbalayeva.-4-03-practice";
				PRODUCT_NAME = "$(TARGET_NAME)";
				SWIFT_EMIT_LOC_STRINGS = YES;
				SWIFT_VERSION = 5.0;
				TARGETED_DEVICE_FAMILY = "1,2";
			};
			name = Debug;
		};
		CE8A7B922D848224002FF5DA /* Release */ = {
			isa = XCBuildConfiguration;
			buildSettings = {
				ASSETCATALOG_COMPILER_APPICON_NAME = AppIcon;
				ASSETCATALOG_COMPILER_GLOBAL_ACCENT_COLOR_NAME = AccentColor;
				CODE_SIGN_STYLE = Automatic;
				CURRENT_PROJECT_VERSION = 1;
				GENERATE_INFOPLIST_FILE = YES;
				INFOPLIST_FILE = 14.03.practice/Info.plist;
				INFOPLIST_KEY_UIApplicationSupportsIndirectInputEvents = YES;
				INFOPLIST_KEY_UILaunchStoryboardName = LaunchScreen;
				INFOPLIST_KEY_UIMainStoryboardFile = Main;
				INFOPLIST_KEY_UISupportedInterfaceOrientations_iPad = "UIInterfaceOrientationPortrait UIInterfaceOrientationPortraitUpsideDown UIInterfaceOrientationLandscapeLeft UIInterfaceOrientationLandscapeRight";
				INFOPLIST_KEY_UISupportedInterfaceOrientations_iPhone = "UIInterfaceOrientationPortrait UIInterfaceOrientationLandscapeLeft UIInterfaceOrientationLandscapeRight";
				LD_RUNPATH_SEARCH_PATHS = (
					"$(inherited)",
					"@executable_path/Frameworks",
				);
				MARKETING_VERSION = 1.0;
				PRODUCT_BUNDLE_IDENTIFIER = "com.gunelbalayeva.-4-03-practice";
				PRODUCT_NAME = "$(TARGET_NAME)";
				SWIFT_EMIT_LOC_STRINGS = YES;
				SWIFT_VERSION = 5.0;
				TARGETED_DEVICE_FAMILY = "1,2";
			};
			name = Release;
		};
/* End XCBuildConfiguration section */

/* Begin XCConfigurationList section */
		CE8A7B772D848221002FF5DA /* Build configuration list for PBXProject "14.03.practice" */ = {
			isa = XCConfigurationList;
			buildConfigurations = (
				CE8A7B8E2D848224002FF5DA /* Debug */,
				CE8A7B8F2D848224002FF5DA /* Release */,
			);
			defaultConfigurationIsVisible = 0;
			defaultConfigurationName = Release;
		};
		CE8A7B902D848224002FF5DA /* Build configuration list for PBXNativeTarget "14.03.practice" */ = {
			isa = XCConfigurationList;
			buildConfigurations = (
				CE8A7B912D848224002FF5DA /* Debug */,
				CE8A7B922D848224002FF5DA /* Release */,
			);
			defaultConfigurationIsVisible = 0;
			defaultConfigurationName = Release;
		};
/* End XCConfigurationList section */
	};
	rootObject = CE8A7B742D848221002FF5DA /* Project object */;
}
